
Microsoft Visual Studio Solution File, Format Version 12.00
# Visual Studio Version 16
VisualStudioVersion = 16.0.31205.134
MinimumVisualStudioVersion = 10.0.40219.1
Project("{FAE04EC0-301F-11D3-BF4B-00C04F79EFBC}") = "ParallelCrawler", "ParallelCrawler\ParallelCrawler.csproj", "{2FF2EA61-0007-4F0A-BF1D-1B5A53970111}"
EndProject
Global
	GlobalSection(SolutionConfigurationPlatforms) = preSolution
		Debug|Any CPU = Debug|Any CPU
		Release|Any CPU = Release|Any CPU
	EndGlobalSection
	GlobalSection(ProjectConfigurationPlatforms) = postSolution
		{2FF2EA61-0007-4F0A-BF1D-1B5A53970111}.Debug|Any CPU.ActiveCfg = Debug|Any CPU
		{2FF2EA61-0007-4F0A-BF1D-1B5A53970111}.Debug|Any CPU.Build.0 = Debug|Any CPU
		{2FF2EA61-0007-4F0A-BF1D-1B5A53970111}.Release|Any CPU.ActiveCfg = Release|Any CPU
		{2FF2EA61-0007-4F0A-BF1D-1B5A53970111}.Release|Any CPU.Build.0 = Release|Any CPU
	EndGlobalSection
	GlobalSection(SolutionProperties) = preSolution
		HideSolutionNode = FALSE
	EndGlobalSection
	GlobalSection(ExtensibilityGlobals) = postSolution
		SolutionGuid = {1182051B-DE27-418F-8EA4-F28820FE4DB0}
	EndGlobalSection
EndGlobal
