
Microsoft Visual Studio Solution File, Format Version 12.00
# Visual Studio Version 16
VisualStudioVersion = 16.0.31129.286
MinimumVisualStudioVersion = 10.0.40219.1
Project("{FAE04EC0-301F-11D3-BF4B-00C04F79EFBC}") = "DrawCayley", "DrawCayley\DrawCayley.csproj", "{0301D21F-EB6F-4F14-8E85-848FC6BA41F2}"
EndProject
Global
	GlobalSection(SolutionConfigurationPlatforms) = preSolution
		Debug|Any CPU = Debug|Any CPU
		Release|Any CPU = Release|Any CPU
	EndGlobalSection
	GlobalSection(ProjectConfigurationPlatforms) = postSolution
		{0301D21F-EB6F-4F14-8E85-848FC6BA41F2}.Debug|Any CPU.ActiveCfg = Debug|Any CPU
		{0301D21F-EB6F-4F14-8E85-848FC6BA41F2}.Debug|Any CPU.Build.0 = Debug|Any CPU
		{0301D21F-EB6F-4F14-8E85-848FC6BA41F2}.Release|Any CPU.ActiveCfg = Release|Any CPU
		{0301D21F-EB6F-4F14-8E85-848FC6BA41F2}.Release|Any CPU.Build.0 = Release|Any CPU
	EndGlobalSection
	GlobalSection(SolutionProperties) = preSolution
		HideSolutionNode = FALSE
	EndGlobalSection
	GlobalSection(ExtensibilityGlobals) = postSolution
		SolutionGuid = {83973005-70BB-426E-AC9E-BDB15B3C4716}
	EndGlobalSection
EndGlobal
