
Microsoft Visual Studio Solution File, Format Version 12.00
# Visual Studio Version 16
VisualStudioVersion = 16.0.31105.61
MinimumVisualStudioVersion = 10.0.40219.1
Project("{FAE04EC0-301F-11D3-BF4B-00C04F79EFBC}") = "Shapes", "Shapes\Shapes.csproj", "{6647053F-046B-40C1-88E0-6F39747DD6C3}"
EndProject
Global
	GlobalSection(SolutionConfigurationPlatforms) = preSolution
		Debug|Any CPU = Debug|Any CPU
		Release|Any CPU = Release|Any CPU
	EndGlobalSection
	GlobalSection(ProjectConfigurationPlatforms) = postSolution
		{6647053F-046B-40C1-88E0-6F39747DD6C3}.Debug|Any CPU.ActiveCfg = Debug|Any CPU
		{6647053F-046B-40C1-88E0-6F39747DD6C3}.Debug|Any CPU.Build.0 = Debug|Any CPU
		{6647053F-046B-40C1-88E0-6F39747DD6C3}.Release|Any CPU.ActiveCfg = Release|Any CPU
		{6647053F-046B-40C1-88E0-6F39747DD6C3}.Release|Any CPU.Build.0 = Release|Any CPU
	EndGlobalSection
	GlobalSection(SolutionProperties) = preSolution
		HideSolutionNode = FALSE
	EndGlobalSection
	GlobalSection(ExtensibilityGlobals) = postSolution
		SolutionGuid = {AA4EAB3F-521B-4B9D-92D5-3F865AA7A5B6}
	EndGlobalSection
EndGlobal
